
Microsoft Visual Studio Solution File, Format Version 12.00
# Visual Studio Version 17
VisualStudioVersion = 17.3.32922.545
MinimumVisualStudioVersion = 10.0.40219.1
Project("{9A19103F-16F7-4668-BE54-9A1E7A4F7556}") = "LibraryModel", "LibraryModel\LibraryModel.csproj", "{500E39F6-29B3-44F7-8C29-3D38AB81D173}"
EndProject
Project("{9A19103F-16F7-4668-BE54-9A1E7A4F7556}") = "LibraryWebAPI", "LibraryWebAPI\LibraryWebAPI.csproj", "{CD6B4C9B-FDC1-42AE-834C-A5E50AEF51D8}"
EndProject
Project("{9A19103F-16F7-4668-BE54-9A1E7A4F7556}") = "Pascu_Bianca_Lab2", "Pascu_Bianca_Lab2.csproj", "{F4C0418A-426A-40F0-A39A-E79E88084441}"
EndProject
Global
	GlobalSection(SolutionConfigurationPlatforms) = preSolution
		Debug|Any CPU = Debug|Any CPU
		Release|Any CPU = Release|Any CPU
	EndGlobalSection
	GlobalSection(ProjectConfigurationPlatforms) = postSolution
		{500E39F6-29B3-44F7-8C29-3D38AB81D173}.Debug|Any CPU.ActiveCfg = Debug|Any CPU
		{500E39F6-29B3-44F7-8C29-3D38AB81D173}.Debug|Any CPU.Build.0 = Debug|Any CPU
		{500E39F6-29B3-44F7-8C29-3D38AB81D173}.Release|Any CPU.ActiveCfg = Release|Any CPU
		{500E39F6-29B3-44F7-8C29-3D38AB81D173}.Release|Any CPU.Build.0 = Release|Any CPU
		{CD6B4C9B-FDC1-42AE-834C-A5E50AEF51D8}.Debug|Any CPU.ActiveCfg = Debug|Any CPU
		{CD6B4C9B-FDC1-42AE-834C-A5E50AEF51D8}.Debug|Any CPU.Build.0 = Debug|Any CPU
		{CD6B4C9B-FDC1-42AE-834C-A5E50AEF51D8}.Release|Any CPU.ActiveCfg = Release|Any CPU
		{CD6B4C9B-FDC1-42AE-834C-A5E50AEF51D8}.Release|Any CPU.Build.0 = Release|Any CPU
		{F4C0418A-426A-40F0-A39A-E79E88084441}.Debug|Any CPU.ActiveCfg = Debug|Any CPU
		{F4C0418A-426A-40F0-A39A-E79E88084441}.Debug|Any CPU.Build.0 = Debug|Any CPU
		{F4C0418A-426A-40F0-A39A-E79E88084441}.Release|Any CPU.ActiveCfg = Release|Any CPU
		{F4C0418A-426A-40F0-A39A-E79E88084441}.Release|Any CPU.Build.0 = Release|Any CPU
	EndGlobalSection
	GlobalSection(SolutionProperties) = preSolution
		HideSolutionNode = FALSE
	EndGlobalSection
	GlobalSection(ExtensibilityGlobals) = postSolution
		SolutionGuid = {B1BD96C9-E5ED-4DC6-B467-66816EA02428}
	EndGlobalSection
EndGlobal
