
Microsoft Visual Studio Solution File, Format Version 12.00
# Visual Studio Version 17
VisualStudioVersion = 17.3.32922.545
MinimumVisualStudioVersion = 10.0.40219.1
Project("{FAE04EC0-301F-11D3-BF4B-00C04F79EFBC}") = "Pascu_Bianca_Lab2", "Pascu_Bianca_Lab2.csproj", "{5DE832EB-A847-435C-8BEE-2587109DDEE8}"
EndProject
Global
	GlobalSection(SolutionConfigurationPlatforms) = preSolution
		Debug|Any CPU = Debug|Any CPU
		Release|Any CPU = Release|Any CPU
	EndGlobalSection
	GlobalSection(ProjectConfigurationPlatforms) = postSolution
		{5DE832EB-A847-435C-8BEE-2587109DDEE8}.Debug|Any CPU.ActiveCfg = Debug|Any CPU
		{5DE832EB-A847-435C-8BEE-2587109DDEE8}.Debug|Any CPU.Build.0 = Debug|Any CPU
		{5DE832EB-A847-435C-8BEE-2587109DDEE8}.Release|Any CPU.ActiveCfg = Release|Any CPU
		{5DE832EB-A847-435C-8BEE-2587109DDEE8}.Release|Any CPU.Build.0 = Release|Any CPU
	EndGlobalSection
	GlobalSection(SolutionProperties) = preSolution
		HideSolutionNode = FALSE
	EndGlobalSection
	GlobalSection(ExtensibilityGlobals) = postSolution
		SolutionGuid = {B1BD96C9-E5ED-4DC6-B467-66816EA02428}
	EndGlobalSection
EndGlobal
